
Microsoft Visual Studio Solution File, Format Version 12.00
# Visual Studio Version 17
VisualStudioVersion = 17.5.33530.505
MinimumVisualStudioVersion = 10.0.40219.1
Project("{8BC9CEB8-8B4A-11D0-8D11-00A0C91BC942}") = "0405a1", "0405a1\0405a1.vcxproj", "{56D095B0-9CA4-4B5B-B780-91475DC2EF41}"
EndProject
Global
	GlobalSection(SolutionConfigurationPlatforms) = preSolution
		Debug|x64 = Debug|x64
		Debug|x86 = Debug|x86
		Release|x64 = Release|x64
		Release|x86 = Release|x86
	EndGlobalSection
	GlobalSection(ProjectConfigurationPlatforms) = postSolution
		{56D095B0-9CA4-4B5B-B780-91475DC2EF41}.Debug|x64.ActiveCfg = Debug|x64
		{56D095B0-9CA4-4B5B-B780-91475DC2EF41}.Debug|x64.Build.0 = Debug|x64
		{56D095B0-9CA4-4B5B-B780-91475DC2EF41}.Debug|x86.ActiveCfg = Debug|Win32
		{56D095B0-9CA4-4B5B-B780-91475DC2EF41}.Debug|x86.Build.0 = Debug|Win32
		{56D095B0-9CA4-4B5B-B780-91475DC2EF41}.Release|x64.ActiveCfg = Release|x64
		{56D095B0-9CA4-4B5B-B780-91475DC2EF41}.Release|x64.Build.0 = Release|x64
		{56D095B0-9CA4-4B5B-B780-91475DC2EF41}.Release|x86.ActiveCfg = Release|Win32
		{56D095B0-9CA4-4B5B-B780-91475DC2EF41}.Release|x86.Build.0 = Release|Win32
	EndGlobalSection
	GlobalSection(SolutionProperties) = preSolution
		HideSolutionNode = FALSE
	EndGlobalSection
	GlobalSection(ExtensibilityGlobals) = postSolution
		SolutionGuid = {9ADF6701-6D6B-4569-8871-56DDF3F18CB1}
	EndGlobalSection
EndGlobal
